
Microsoft Visual Studio Solution File, Format Version 12.00
# Visual Studio Version 17
VisualStudioVersion = 17.4.33205.214
MinimumVisualStudioVersion = 10.0.40219.1
Project("{FAE04EC0-301F-11D3-BF4B-00C04F79EFBC}") = "WinFormsApp2", "WinFormsApp2\WinFormsApp2.csproj", "{B12B9A04-92E0-4117-B038-A03678C011EF}"
EndProject
Global
	GlobalSection(SolutionConfigurationPlatforms) = preSolution
		Debug|Any CPU = Debug|Any CPU
		Release|Any CPU = Release|Any CPU
	EndGlobalSection
	GlobalSection(ProjectConfigurationPlatforms) = postSolution
		{B12B9A04-92E0-4117-B038-A03678C011EF}.Debug|Any CPU.ActiveCfg = Debug|Any CPU
		{B12B9A04-92E0-4117-B038-A03678C011EF}.Debug|Any CPU.Build.0 = Debug|Any CPU
		{B12B9A04-92E0-4117-B038-A03678C011EF}.Release|Any CPU.ActiveCfg = Release|Any CPU
		{B12B9A04-92E0-4117-B038-A03678C011EF}.Release|Any CPU.Build.0 = Release|Any CPU
	EndGlobalSection
	GlobalSection(SolutionProperties) = preSolution
		HideSolutionNode = FALSE
	EndGlobalSection
	GlobalSection(ExtensibilityGlobals) = postSolution
		SolutionGuid = {1C9FD544-BCF8-4AA3-9762-1A882789E277}
	EndGlobalSection
EndGlobal
